
Microsoft Visual Studio Solution File, Format Version 12.00
# Visual Studio Version 17
VisualStudioVersion = 17.6.33815.320
MinimumVisualStudioVersion = 10.0.40219.1
Project("{FAE04EC0-301F-11D3-BF4B-00C04F79EFBC}") = "PaymentProcessorClient", "PaymentProcessorClient.csproj", "{87CC1265-D946-45F7-B49F-9B6BBA322478}"
EndProject
Global
	GlobalSection(SolutionConfigurationPlatforms) = preSolution
		Debug|Any CPU = Debug|Any CPU
		Release|Any CPU = Release|Any CPU
	EndGlobalSection
	GlobalSection(ProjectConfigurationPlatforms) = postSolution
		{87CC1265-D946-45F7-B49F-9B6BBA322478}.Debug|Any CPU.ActiveCfg = Debug|Any CPU
		{87CC1265-D946-45F7-B49F-9B6BBA322478}.Debug|Any CPU.Build.0 = Debug|Any CPU
		{87CC1265-D946-45F7-B49F-9B6BBA322478}.Release|Any CPU.ActiveCfg = Release|Any CPU
		{87CC1265-D946-45F7-B49F-9B6BBA322478}.Release|Any CPU.Build.0 = Release|Any CPU
	EndGlobalSection
	GlobalSection(SolutionProperties) = preSolution
		HideSolutionNode = FALSE
	EndGlobalSection
	GlobalSection(ExtensibilityGlobals) = postSolution
		SolutionGuid = {B3069BCF-EB7A-4356-9FBD-19CF04C62239}
	EndGlobalSection
EndGlobal
